# Fixture lockfile for the git-dependency paths in
# flatpak/generate-cargo-sources.py. Extracted from the live sidecar at
# libcosmic rev a401af8 (4 remotes, 6 packages: rev-pinned, unpinned commit-only,
# unpinned commit-only, tag-pinned), trimmed to the smallest set that still
# covers every source shape. Not a buildable project -- the generator
# never builds, it only reads.
# This file is automatically @generated by Cargo.
# It is not intended for manual editing.
version = 4

[[package]]
name = "cosmic-settings-daemon"
version = "0.1.0"
source = "git+https://github.com/pop-os/dbus-settings-bindings#eed01dd3609e90e3c8cd043656734c500956c793"

[[package]]
name = "cosmic-freedesktop-icons"
version = "0.4.0"
source = "git+https://github.com/pop-os/freedesktop-icons#ab4c57b8e416c6af9297cb04d101889896fd9a92"

[[package]]
name = "dpi"
version = "0.1.2"
source = "git+https://github.com/pop-os/winit.git?tag=cosmic-0.14#71ce08c043814514a8fd92d9d0599f115ae854e8"

[[package]]
name = "winit"
version = "0.31.0-beta.2"
source = "git+https://github.com/pop-os/winit.git?tag=cosmic-0.14#71ce08c043814514a8fd92d9d0599f115ae854e8"

[[package]]
name = "iced_core"
version = "0.14.0"
source = "git+https://github.com/pop-os/libcosmic?rev=a401af8b1c54a8abd393b8c5b7c8809402f83850#a401af8b1c54a8abd393b8c5b7c8809402f83850"

[[package]]
name = "libcosmic"
version = "1.0.0"
source = "git+https://github.com/pop-os/libcosmic?rev=a401af8b1c54a8abd393b8c5b7c8809402f83850#a401af8b1c54a8abd393b8c5b7c8809402f83850"
